// !$*UTF8*$!
{
	archiveVersion = 1;
	classes = {
	};
	objectVersion = 50;
	objects = {

/* Begin PBXBuildFile section */
		28052C672580D98D00B1B181 /* Localizable.strings in Resources */ = {isa = PBXBuildFile; fileRef = 28052C692580D98D00B1B181 /* Localizable.strings */; };
		2810CB182574D24C00DD6DDF /* ChartView.swift in Sources */ = {isa = PBXBuildFile; fileRef = 2810CB172574D24C00DD6DDF /* ChartView.swift */; };
		28135D9A256F942000478120 /* TimesView.swift in Sources */ = {isa = PBXBuildFile; fileRef = 28135D99256F942000478120 /* TimesView.swift */; };
		281510B72581B88500030571 /* Assets.xcassets in Resources */ = {isa = PBXBuildFile; fileRef = 28628BF2256D53760079AA69 /* Assets.xcassets */; };
		2839FEB62576311B007309DD /* ModifyGroupView.swift in Sources */ = {isa = PBXBuildFile; fileRef = 2839FEB52576311B007309DD /* ModifyGroupView.swift */; };
		284D616C256FA4A50004DDA5 /* AddTimeView.swift in Sources */ = {isa = PBXBuildFile; fileRef = 284D616B256FA4A50004DDA5 /* AddTimeView.swift */; };
		285AC4F8257769010036ABF2 /* StatView.swift in Sources */ = {isa = PBXBuildFile; fileRef = 285AC4F7257769010036ABF2 /* StatView.swift */; };
		28628BEF256D53740079AA69 /* WhatHappendApp.swift in Sources */ = {isa = PBXBuildFile; fileRef = 28628BEE256D53740079AA69 /* WhatHappendApp.swift */; };
		28628BF1256D53740079AA69 /* ContentView.swift in Sources */ = {isa = PBXBuildFile; fileRef = 28628BF0256D53740079AA69 /* ContentView.swift */; };
		28628BF3256D53760079AA69 /* Assets.xcassets in Resources */ = {isa = PBXBuildFile; fileRef = 28628BF2256D53760079AA69 /* Assets.xcassets */; };
		28628BF6256D53760079AA69 /* Preview Assets.xcassets in Resources */ = {isa = PBXBuildFile; fileRef = 28628BF5256D53760079AA69 /* Preview Assets.xcassets */; };
		28628C02256D57980079AA69 /* GroupView.swift in Sources */ = {isa = PBXBuildFile; fileRef = 28628C01256D57980079AA69 /* GroupView.swift */; };
		28628C06256D5CB70079AA69 /* Manager.swift in Sources */ = {isa = PBXBuildFile; fileRef = 28628C05256D5CB70079AA69 /* Manager.swift */; };
		28628C09256D5CCA0079AA69 /* Group.swift in Sources */ = {isa = PBXBuildFile; fileRef = 28628C08256D5CCA0079AA69 /* Group.swift */; };
		2881C6C925806B4700B7F39F /* WidgetKit.framework in Frameworks */ = {isa = PBXBuildFile; fileRef = 2881C6C825806B4700B7F39F /* WidgetKit.framework */; };
		2881C6CB25806B4700B7F39F /* SwiftUI.framework in Frameworks */ = {isa = PBXBuildFile; fileRef = 2881C6CA25806B4700B7F39F /* SwiftUI.framework */; };
		2881C6CE25806B4700B7F39F /* Statistic.swift in Sources */ = {isa = PBXBuildFile; fileRef = 2881C6CD25806B4700B7F39F /* Statistic.swift */; };
		2881C6D125806B4900B7F39F /* Assets.xcassets in Resources */ = {isa = PBXBuildFile; fileRef = 2881C6D025806B4900B7F39F /* Assets.xcassets */; };
		2881C6D325806B4900B7F39F /* Statistic.intentdefinition in Sources */ = {isa = PBXBuildFile; fileRef = 2881C6CF25806B4700B7F39F /* Statistic.intentdefinition */; };
		2881C6D425806B4900B7F39F /* Statistic.intentdefinition in Sources */ = {isa = PBXBuildFile; fileRef = 2881C6CF25806B4700B7F39F /* Statistic.intentdefinition */; };
		2881C6D725806B4900B7F39F /* StatisticExtension.appex in Embed App Extensions */ = {isa = PBXBuildFile; fileRef = 2881C6C625806B4700B7F39F /* StatisticExtension.appex */; settings = {ATTRIBUTES = (RemoveHeadersOnCopy, ); }; };
		2881C6E825806CB900B7F39F /* Group.swift in Sources */ = {isa = PBXBuildFile; fileRef = 28628C08256D5CCA0079AA69 /* Group.swift */; };
		2881C6EB25806CD800B7F39F /* Manager.swift in Sources */ = {isa = PBXBuildFile; fileRef = 28628C05256D5CB70079AA69 /* Manager.swift */; };
		2881C6F125806DE000B7F39F /* Bar.swift in Sources */ = {isa = PBXBuildFile; fileRef = 2881C6F025806DE000B7F39F /* Bar.swift */; };
		28FAC5B8256D6C4F00FEFD0D /* Localizable.strings in Resources */ = {isa = PBXBuildFile; fileRef = 28FAC5BA256D6C4F00FEFD0D /* Localizable.strings */; };
/* End PBXBuildFile section */

/* Begin PBXContainerItemProxy section */
		2881C6D525806B4900B7F39F /* PBXContainerItemProxy */ = {
			isa = PBXContainerItemProxy;
			containerPortal = 28628BE3256D53740079AA69 /* Project object */;
			proxyType = 1;
			remoteGlobalIDString = 2881C6C525806B4700B7F39F;
			remoteInfo = StatisticExtension;
		};
/* End PBXContainerItemProxy section */

/* Begin PBXCopyFilesBuildPhase section */
		2881C6D825806B4900B7F39F /* Embed App Extensions */ = {
			isa = PBXCopyFilesBuildPhase;
			buildActionMask = 2147483647;
			dstPath = "";
			dstSubfolderSpec = 13;
			files = (
				2881C6D725806B4900B7F39F /* StatisticExtension.appex in Embed App Extensions */,
			);
			name = "Embed App Extensions";
			runOnlyForDeploymentPostprocessing = 0;
		};
/* End PBXCopyFilesBuildPhase section */

/* Begin PBXFileReference section */
		28052C682580D98D00B1B181 /* en */ = {isa = PBXFileReference; lastKnownFileType = text.plist.strings; name = en; path = en.lproj/Localizable.strings; sourceTree = "<group>"; };
		28052C6A2580D99100B1B181 /* zh-Hans */ = {isa = PBXFileReference; lastKnownFileType = text.plist.strings; name = "zh-Hans"; path = "zh-Hans.lproj/Localizable.strings"; sourceTree = "<group>"; };
		2810CB172574D24C00DD6DDF /* ChartView.swift */ = {isa = PBXFileReference; lastKnownFileType = sourcecode.swift; path = ChartView.swift; sourceTree = "<group>"; };
		28135D99256F942000478120 /* TimesView.swift */ = {isa = PBXFileReference; lastKnownFileType = sourcecode.swift; path = TimesView.swift; sourceTree = "<group>"; };
		2839FEB52576311B007309DD /* ModifyGroupView.swift */ = {isa = PBXFileReference; lastKnownFileType = sourcecode.swift; path = ModifyGroupView.swift; sourceTree = "<group>"; };
		284D616B256FA4A50004DDA5 /* AddTimeView.swift */ = {isa = PBXFileReference; lastKnownFileType = sourcecode.swift; path = AddTimeView.swift; sourceTree = "<group>"; };
		285AC4F7257769010036ABF2 /* StatView.swift */ = {isa = PBXFileReference; lastKnownFileType = sourcecode.swift; path = StatView.swift; sourceTree = "<group>"; };
		28628BEB256D53740079AA69 /* WhatHappend.app */ = {isa = PBXFileReference; explicitFileType = wrapper.application; includeInIndex = 0; path = WhatHappend.app; sourceTree = BUILT_PRODUCTS_DIR; };
		28628BEE256D53740079AA69 /* WhatHappendApp.swift */ = {isa = PBXFileReference; lastKnownFileType = sourcecode.swift; path = WhatHappendApp.swift; sourceTree = "<group>"; };
		28628BF0256D53740079AA69 /* ContentView.swift */ = {isa = PBXFileReference; lastKnownFileType = sourcecode.swift; path = ContentView.swift; sourceTree = "<group>"; };
		28628BF2256D53760079AA69 /* Assets.xcassets */ = {isa = PBXFileReference; lastKnownFileType = folder.assetcatalog; path = Assets.xcassets; sourceTree = "<group>"; };
		28628BF5256D53760079AA69 /* Preview Assets.xcassets */ = {isa = PBXFileReference; lastKnownFileType = folder.assetcatalog; path = "Preview Assets.xcassets"; sourceTree = "<group>"; };
		28628BF7256D53760079AA69 /* Info.plist */ = {isa = PBXFileReference; lastKnownFileType = text.plist.xml; path = Info.plist; sourceTree = "<group>"; };
		28628C01256D57980079AA69 /* GroupView.swift */ = {isa = PBXFileReference; lastKnownFileType = sourcecode.swift; path = GroupView.swift; sourceTree = "<group>"; };
		28628C05256D5CB70079AA69 /* Manager.swift */ = {isa = PBXFileReference; lastKnownFileType = sourcecode.swift; path = Manager.swift; sourceTree = "<group>"; };
		28628C08256D5CCA0079AA69 /* Group.swift */ = {isa = PBXFileReference; lastKnownFileType = sourcecode.swift; path = Group.swift; sourceTree = "<group>"; };
		2881C6C625806B4700B7F39F /* StatisticExtension.appex */ = {isa = PBXFileReference; explicitFileType = "wrapper.app-extension"; includeInIndex = 0; path = StatisticExtension.appex; sourceTree = BUILT_PRODUCTS_DIR; };
		2881C6C825806B4700B7F39F /* WidgetKit.framework */ = {isa = PBXFileReference; lastKnownFileType = wrapper.framework; name = WidgetKit.framework; path = System/Library/Frameworks/WidgetKit.framework; sourceTree = SDKROOT; };
		2881C6CA25806B4700B7F39F /* SwiftUI.framework */ = {isa = PBXFileReference; lastKnownFileType = wrapper.framework; name = SwiftUI.framework; path = System/Library/Frameworks/SwiftUI.framework; sourceTree = SDKROOT; };
		2881C6CD25806B4700B7F39F /* Statistic.swift */ = {isa = PBXFileReference; lastKnownFileType = sourcecode.swift; path = Statistic.swift; sourceTree = "<group>"; };
		2881C6CF25806B4700B7F39F /* Statistic.intentdefinition */ = {isa = PBXFileReference; lastKnownFileType = file.intentdefinition; path = Statistic.intentdefinition; sourceTree = "<group>"; };
		2881C6D025806B4900B7F39F /* Assets.xcassets */ = {isa = PBXFileReference; lastKnownFileType = folder.assetcatalog; path = Assets.xcassets; sourceTree = "<group>"; };
		2881C6D225806B4900B7F39F /* Info.plist */ = {isa = PBXFileReference; lastKnownFileType = text.plist.xml; path = Info.plist; sourceTree = "<group>"; };
		2881C6F025806DE000B7F39F /* Bar.swift */ = {isa = PBXFileReference; lastKnownFileType = sourcecode.swift; path = Bar.swift; sourceTree = "<group>"; };
		2881C6FD2580953500B7F39F /* WhatHappend.entitlements */ = {isa = PBXFileReference; lastKnownFileType = text.plist.entitlements; path = WhatHappend.entitlements; sourceTree = "<group>"; };
		2881C706258098B700B7F39F /* StatisticExtension.entitlements */ = {isa = PBXFileReference; lastKnownFileType = text.plist.entitlements; path = StatisticExtension.entitlements; sourceTree = "<group>"; };
		28FAC5B9256D6C4F00FEFD0D /* zh-Hans */ = {isa = PBXFileReference; lastKnownFileType = text.plist.strings; name = "zh-Hans"; path = "zh-Hans.lproj/Localizable.strings"; sourceTree = "<group>"; };
		28FAC5BC256D6C5700FEFD0D /* en */ = {isa = PBXFileReference; lastKnownFileType = text.plist.strings; name = en; path = en.lproj/Localizable.strings; sourceTree = "<group>"; };
/* End PBXFileReference section */

/* Begin PBXFrameworksBuildPhase section */
		28628BE8256D53740079AA69 /* Frameworks */ = {
			isa = PBXFrameworksBuildPhase;
			buildActionMask = 2147483647;
			files = (
			);
			runOnlyForDeploymentPostprocessing = 0;
		};
		2881C6C325806B4700B7F39F /* Frameworks */ = {
			isa = PBXFrameworksBuildPhase;
			buildActionMask = 2147483647;
			files = (
				2881C6CB25806B4700B7F39F /* SwiftUI.framework in Frameworks */,
				2881C6C925806B4700B7F39F /* WidgetKit.framework in Frameworks */,
			);
			runOnlyForDeploymentPostprocessing = 0;
		};
/* End PBXFrameworksBuildPhase section */

/* Begin PBXGroup section */
		28628BE2256D53740079AA69 = {
			isa = PBXGroup;
			children = (
				2881C706258098B700B7F39F /* StatisticExtension.entitlements */,
				28628BED256D53740079AA69 /* WhatHappend */,
				2881C6CC25806B4700B7F39F /* Statistic */,
				2881C6C725806B4700B7F39F /* Frameworks */,
				28628BEC256D53740079AA69 /* Products */,
			);
			sourceTree = "<group>";
		};
		28628BEC256D53740079AA69 /* Products */ = {
			isa = PBXGroup;
			children = (
				28628BEB256D53740079AA69 /* WhatHappend.app */,
				2881C6C625806B4700B7F39F /* StatisticExtension.appex */,
			);
			name = Products;
			sourceTree = "<group>";
		};
		28628BED256D53740079AA69 /* WhatHappend */ = {
			isa = PBXGroup;
			children = (
				2881C6FD2580953500B7F39F /* WhatHappend.entitlements */,
				28FAC5BA256D6C4F00FEFD0D /* Localizable.strings */,
				28628C04256D57A50079AA69 /* Models */,
				28628BEE256D53740079AA69 /* WhatHappendApp.swift */,
				28628BFF256D546C0079AA69 /* Views */,
				28628BF2256D53760079AA69 /* Assets.xcassets */,
				28628BF7256D53760079AA69 /* Info.plist */,
				28628BF4256D53760079AA69 /* Preview Content */,
			);
			path = WhatHappend;
			sourceTree = "<group>";
		};
		28628BF4256D53760079AA69 /* Preview Content */ = {
			isa = PBXGroup;
			children = (
				28628BF5256D53760079AA69 /* Preview Assets.xcassets */,
			);
			path = "Preview Content";
			sourceTree = "<group>";
		};
		28628BFF256D546C0079AA69 /* Views */ = {
			isa = PBXGroup;
			children = (
				28628BF0256D53740079AA69 /* ContentView.swift */,
				28628C01256D57980079AA69 /* GroupView.swift */,
				2839FEB52576311B007309DD /* ModifyGroupView.swift */,
				28135D99256F942000478120 /* TimesView.swift */,
				285AC4F7257769010036ABF2 /* StatView.swift */,
				284D616B256FA4A50004DDA5 /* AddTimeView.swift */,
				2810CB172574D24C00DD6DDF /* ChartView.swift */,
			);
			path = Views;
			sourceTree = "<group>";
		};
		28628C04256D57A50079AA69 /* Models */ = {
			isa = PBXGroup;
			children = (
				28628C05256D5CB70079AA69 /* Manager.swift */,
				28628C08256D5CCA0079AA69 /* Group.swift */,
				2881C6F025806DE000B7F39F /* Bar.swift */,
			);
			path = Models;
			sourceTree = "<group>";
		};
		2881C6C725806B4700B7F39F /* Frameworks */ = {
			isa = PBXGroup;
			children = (
				2881C6C825806B4700B7F39F /* WidgetKit.framework */,
				2881C6CA25806B4700B7F39F /* SwiftUI.framework */,
			);
			name = Frameworks;
			sourceTree = "<group>";
		};
		2881C6CC25806B4700B7F39F /* Statistic */ = {
			isa = PBXGroup;
			children = (
				2881C6CD25806B4700B7F39F /* Statistic.swift */,
				28052C692580D98D00B1B181 /* Localizable.strings */,
				2881C6CF25806B4700B7F39F /* Statistic.intentdefinition */,
				2881C6D025806B4900B7F39F /* Assets.xcassets */,
				2881C6D225806B4900B7F39F /* Info.plist */,
			);
			path = Statistic;
			sourceTree = "<group>";
		};
/* End PBXGroup section */

/* Begin PBXNativeTarget section */
		28628BEA256D53740079AA69 /* WhatHappend */ = {
			isa = PBXNativeTarget;
			buildConfigurationList = 28628BFA256D53760079AA69 /* Build configuration list for PBXNativeTarget "WhatHappend" */;
			buildPhases = (
				28628BE7256D53740079AA69 /* Sources */,
				28628BE8256D53740079AA69 /* Frameworks */,
				28628BE9256D53740079AA69 /* Resources */,
				2881C6D825806B4900B7F39F /* Embed App Extensions */,
			);
			buildRules = (
			);
			dependencies = (
				2881C6D625806B4900B7F39F /* PBXTargetDependency */,
			);
			name = WhatHappend;
			productName = WhatHappend;
			productReference = 28628BEB256D53740079AA69 /* WhatHappend.app */;
			productType = "com.apple.product-type.application";
		};
		2881C6C525806B4700B7F39F /* StatisticExtension */ = {
			isa = PBXNativeTarget;
			buildConfigurationList = 2881C6DB25806B4900B7F39F /* Build configuration list for PBXNativeTarget "StatisticExtension" */;
			buildPhases = (
				2881C6C225806B4700B7F39F /* Sources */,
				2881C6C325806B4700B7F39F /* Frameworks */,
				2881C6C425806B4700B7F39F /* Resources */,
			);
			buildRules = (
			);
			dependencies = (
			);
			name = StatisticExtension;
			productName = StatisticExtension;
			productReference = 2881C6C625806B4700B7F39F /* StatisticExtension.appex */;
			productType = "com.apple.product-type.app-extension";
		};
/* End PBXNativeTarget section */

/* Begin PBXProject section */
		28628BE3256D53740079AA69 /* Project object */ = {
			isa = PBXProject;
			attributes = {
				LastSwiftUpdateCheck = 1220;
				LastUpgradeCheck = 1200;
				TargetAttributes = {
					28628BEA256D53740079AA69 = {
						CreatedOnToolsVersion = 12.0.1;
					};
					2881C6C525806B4700B7F39F = {
						CreatedOnToolsVersion = 12.2;
					};
				};
			};
			buildConfigurationList = 28628BE6256D53740079AA69 /* Build configuration list for PBXProject "WhatHappend" */;
			compatibilityVersion = "Xcode 9.3";
			developmentRegion = en;
			hasScannedForEncodings = 0;
			knownRegions = (
				en,
				Base,
				"zh-Hans",
			);
			mainGroup = 28628BE2256D53740079AA69;
			productRefGroup = 28628BEC256D53740079AA69 /* Products */;
			projectDirPath = "";
			projectRoot = "";
			targets = (
				28628BEA256D53740079AA69 /* WhatHappend */,
				2881C6C525806B4700B7F39F /* StatisticExtension */,
			);
		};
/* End PBXProject section */

/* Begin PBXResourcesBuildPhase section */
		28628BE9256D53740079AA69 /* Resources */ = {
			isa = PBXResourcesBuildPhase;
			buildActionMask = 2147483647;
			files = (
				28628BF6256D53760079AA69 /* Preview Assets.xcassets in Resources */,
				28FAC5B8256D6C4F00FEFD0D /* Localizable.strings in Resources */,
				28628BF3256D53760079AA69 /* Assets.xcassets in Resources */,
			);
			runOnlyForDeploymentPostprocessing = 0;
		};
		2881C6C425806B4700B7F39F /* Resources */ = {
			isa = PBXResourcesBuildPhase;
			buildActionMask = 2147483647;
			files = (
				2881C6D125806B4900B7F39F /* Assets.xcassets in Resources */,
				281510B72581B88500030571 /* Assets.xcassets in Resources */,
				28052C672580D98D00B1B181 /* Localizable.strings in Resources */,
			);
			runOnlyForDeploymentPostprocessing = 0;
		};
/* End PBXResourcesBuildPhase section */

/* Begin PBXSourcesBuildPhase section */
		28628BE7256D53740079AA69 /* Sources */ = {
			isa = PBXSourcesBuildPhase;
			buildActionMask = 2147483647;
			files = (
				285AC4F8257769010036ABF2 /* StatView.swift in Sources */,
				2881C6F125806DE000B7F39F /* Bar.swift in Sources */,
				28628BF1256D53740079AA69 /* ContentView.swift in Sources */,
				28628BEF256D53740079AA69 /* WhatHappendApp.swift in Sources */,
				2881C6D425806B4900B7F39F /* Statistic.intentdefinition in Sources */,
				28135D9A256F942000478120 /* TimesView.swift in Sources */,
				28628C09256D5CCA0079AA69 /* Group.swift in Sources */,
				28628C02256D57980079AA69 /* GroupView.swift in Sources */,
				28628C06256D5CB70079AA69 /* Manager.swift in Sources */,
				284D616C256FA4A50004DDA5 /* AddTimeView.swift in Sources */,
				2810CB182574D24C00DD6DDF /* ChartView.swift in Sources */,
				2839FEB62576311B007309DD /* ModifyGroupView.swift in Sources */,
			);
			runOnlyForDeploymentPostprocessing = 0;
		};
		2881C6C225806B4700B7F39F /* Sources */ = {
			isa = PBXSourcesBuildPhase;
			buildActionMask = 2147483647;
			files = (
				2881C6E825806CB900B7F39F /* Group.swift in Sources */,
				2881C6CE25806B4700B7F39F /* Statistic.swift in Sources */,
				2881C6D325806B4900B7F39F /* Statistic.intentdefinition in Sources */,
				2881C6EB25806CD800B7F39F /* Manager.swift in Sources */,
			);
			runOnlyForDeploymentPostprocessing = 0;
		};
/* End PBXSourcesBuildPhase section */

/* Begin PBXTargetDependency section */
		2881C6D625806B4900B7F39F /* PBXTargetDependency */ = {
			isa = PBXTargetDependency;
			target = 2881C6C525806B4700B7F39F /* StatisticExtension */;
			targetProxy = 2881C6D525806B4900B7F39F /* PBXContainerItemProxy */;
		};
/* End PBXTargetDependency section */

/* Begin PBXVariantGroup section */
		28052C692580D98D00B1B181 /* Localizable.strings */ = {
			isa = PBXVariantGroup;
			children = (
				28052C682580D98D00B1B181 /* en */,
				28052C6A2580D99100B1B181 /* zh-Hans */,
			);
			name = Localizable.strings;
			sourceTree = "<group>";
		};
		28FAC5BA256D6C4F00FEFD0D /* Localizable.strings */ = {
			isa = PBXVariantGroup;
			children = (
				28FAC5B9256D6C4F00FEFD0D /* zh-Hans */,
				28FAC5BC256D6C5700FEFD0D /* en */,
			);
			name = Localizable.strings;
			sourceTree = "<group>";
		};
/* End PBXVariantGroup section */

/* Begin XCBuildConfiguration section */
		28628BF8256D53760079AA69 /* Debug */ = {
			isa = XCBuildConfiguration;
			buildSettings = {
				ALWAYS_SEARCH_USER_PATHS = NO;
				CLANG_ANALYZER_NONNULL = YES;
				CLANG_ANALYZER_NUMBER_OBJECT_CONVERSION = YES_AGGRESSIVE;
				CLANG_CXX_LANGUAGE_STANDARD = "gnu++14";
				CLANG_CXX_LIBRARY = "libc++";
				CLANG_ENABLE_MODULES = YES;
				CLANG_ENABLE_OBJC_ARC = YES;
				CLANG_ENABLE_OBJC_WEAK = YES;
				CLANG_WARN_BLOCK_CAPTURE_AUTORELEASING = YES;
				CLANG_WARN_BOOL_CONVERSION = YES;
				CLANG_WARN_COMMA = YES;
				CLANG_WARN_CONSTANT_CONVERSION = YES;
				CLANG_WARN_DEPRECATED_OBJC_IMPLEMENTATIONS = YES;
				CLANG_WARN_DIRECT_OBJC_ISA_USAGE = YES_ERROR;
				CLANG_WARN_DOCUMENTATION_COMMENTS = YES;
				CLANG_WARN_EMPTY_BODY = YES;
				CLANG_WARN_ENUM_CONVERSION = YES;
				CLANG_WARN_INFINITE_RECURSION = YES;
				CLANG_WARN_INT_CONVERSION = YES;
				CLANG_WARN_NON_LITERAL_NULL_CONVERSION = YES;
				CLANG_WARN_OBJC_IMPLICIT_RETAIN_SELF = YES;
				CLANG_WARN_OBJC_LITERAL_CONVERSION = YES;
				CLANG_WARN_OBJC_ROOT_CLASS = YES_ERROR;
				CLANG_WARN_QUOTED_INCLUDE_IN_FRAMEWORK_HEADER = YES;
				CLANG_WARN_RANGE_LOOP_ANALYSIS = YES;
				CLANG_WARN_STRICT_PROTOTYPES = YES;
				CLANG_WARN_SUSPICIOUS_MOVE = YES;
				CLANG_WARN_UNGUARDED_AVAILABILITY = YES_AGGRESSIVE;
				CLANG_WARN_UNREACHABLE_CODE = YES;
				CLANG_WARN__DUPLICATE_METHOD_MATCH = YES;
				COPY_PHASE_STRIP = NO;
				DEBUG_INFORMATION_FORMAT = dwarf;
				ENABLE_STRICT_OBJC_MSGSEND = YES;
				ENABLE_TESTABILITY = YES;
				GCC_C_LANGUAGE_STANDARD = gnu11;
				GCC_DYNAMIC_NO_PIC = NO;
				GCC_NO_COMMON_BLOCKS = YES;
				GCC_OPTIMIZATION_LEVEL = 0;
				GCC_PREPROCESSOR_DEFINITIONS = (
					"DEBUG=1",
					"$(inherited)",
				);
				GCC_WARN_64_TO_32_BIT_CONVERSION = YES;
				GCC_WARN_ABOUT_RETURN_TYPE = YES_ERROR;
				GCC_WARN_UNDECLARED_SELECTOR = YES;
				GCC_WARN_UNINITIALIZED_AUTOS = YES_AGGRESSIVE;
				GCC_WARN_UNUSED_FUNCTION = YES;
				GCC_WARN_UNUSED_VARIABLE = YES;
				IPHONEOS_DEPLOYMENT_TARGET = 14.0;
				MTL_ENABLE_DEBUG_INFO = INCLUDE_SOURCE;
				MTL_FAST_MATH = YES;
				ONLY_ACTIVE_ARCH = YES;
				SDKROOT = iphoneos;
				SWIFT_ACTIVE_COMPILATION_CONDITIONS = DEBUG;
				SWIFT_OPTIMIZATION_LEVEL = "-Onone";
			};
			name = Debug;
		};
		28628BF9256D53760079AA69 /* Release */ = {
			isa = XCBuildConfiguration;
			buildSettings = {
				ALWAYS_SEARCH_USER_PATHS = NO;
				CLANG_ANALYZER_NONNULL = YES;
				CLANG_ANALYZER_NUMBER_OBJECT_CONVERSION = YES_AGGRESSIVE;
				CLANG_CXX_LANGUAGE_STANDARD = "gnu++14";
				CLANG_CXX_LIBRARY = "libc++";
				CLANG_ENABLE_MODULES = YES;
				CLANG_ENABLE_OBJC_ARC = YES;
				CLANG_ENABLE_OBJC_WEAK = YES;
				CLANG_WARN_BLOCK_CAPTURE_AUTORELEASING = YES;
				CLANG_WARN_BOOL_CONVERSION = YES;
				CLANG_WARN_COMMA = YES;
				CLANG_WARN_CONSTANT_CONVERSION = YES;
				CLANG_WARN_DEPRECATED_OBJC_IMPLEMENTATIONS = YES;
				CLANG_WARN_DIRECT_OBJC_ISA_USAGE = YES_ERROR;
				CLANG_WARN_DOCUMENTATION_COMMENTS = YES;
				CLANG_WARN_EMPTY_BODY = YES;
				CLANG_WARN_ENUM_CONVERSION = YES;
				CLANG_WARN_INFINITE_RECURSION = YES;
				CLANG_WARN_INT_CONVERSION = YES;
				CLANG_WARN_NON_LITERAL_NULL_CONVERSION = YES;
				CLANG_WARN_OBJC_IMPLICIT_RETAIN_SELF = YES;
				CLANG_WARN_OBJC_LITERAL_CONVERSION = YES;
				CLANG_WARN_OBJC_ROOT_CLASS = YES_ERROR;
				CLANG_WARN_QUOTED_INCLUDE_IN_FRAMEWORK_HEADER = YES;
				CLANG_WARN_RANGE_LOOP_ANALYSIS = YES;
				CLANG_WARN_STRICT_PROTOTYPES = YES;
				CLANG_WARN_SUSPICIOUS_MOVE = YES;
				CLANG_WARN_UNGUARDED_AVAILABILITY = YES_AGGRESSIVE;
				CLANG_WARN_UNREACHABLE_CODE = YES;
				CLANG_WARN__DUPLICATE_METHOD_MATCH = YES;
				COPY_PHASE_STRIP = NO;
				DEBUG_INFORMATION_FORMAT = "dwarf-with-dsym";
				ENABLE_NS_ASSERTIONS = NO;
				ENABLE_STRICT_OBJC_MSGSEND = YES;
				GCC_C_LANGUAGE_STANDARD = gnu11;
				GCC_NO_COMMON_BLOCKS = YES;
				GCC_WARN_64_TO_32_BIT_CONVERSION = YES;
				GCC_WARN_ABOUT_RETURN_TYPE = YES_ERROR;
				GCC_WARN_UNDECLARED_SELECTOR = YES;
				GCC_WARN_UNINITIALIZED_AUTOS = YES_AGGRESSIVE;
				GCC_WARN_UNUSED_FUNCTION = YES;
				GCC_WARN_UNUSED_VARIABLE = YES;
				IPHONEOS_DEPLOYMENT_TARGET = 14.0;
				MTL_ENABLE_DEBUG_INFO = NO;
				MTL_FAST_MATH = YES;
				SDKROOT = iphoneos;
				SWIFT_COMPILATION_MODE = wholemodule;
				SWIFT_OPTIMIZATION_LEVEL = "-O";
				VALIDATE_PRODUCT = YES;
			};
			name = Release;
		};
		28628BFB256D53760079AA69 /* Debug */ = {
			isa = XCBuildConfiguration;
			buildSettings = {
				ALWAYS_EMBED_SWIFT_STANDARD_LIBRARIES = YES;
				ASSETCATALOG_COMPILER_APPICON_NAME = AppIcon;
				ASSETCATALOG_COMPILER_GLOBAL_ACCENT_COLOR_NAME = AccentColor;
				CODE_SIGN_ENTITLEMENTS = WhatHappend/WhatHappend.entitlements;
				CODE_SIGN_IDENTITY = "Apple Development";
				CODE_SIGN_STYLE = Automatic;
				DEVELOPMENT_ASSET_PATHS = "\"WhatHappend/Preview Content\"";
				DEVELOPMENT_TEAM = 56HL2M6M45;
				ENABLE_PREVIEWS = YES;
				INFOPLIST_FILE = WhatHappend/Info.plist;
				IPHONEOS_DEPLOYMENT_TARGET = 14.0;
				LD_RUNPATH_SEARCH_PATHS = (
					"$(inherited)",
					"@executable_path/Frameworks",
				);
				PRODUCT_BUNDLE_IDENTIFIER = com.wenxu.EmotionDiary;
				PRODUCT_NAME = "$(TARGET_NAME)";
				PROVISIONING_PROFILE_SPECIFIER = "";
				SWIFT_VERSION = 5.0;
				TARGETED_DEVICE_FAMILY = "1,2";
			};
			name = Debug;
		};
		28628BFC256D53760079AA69 /* Release */ = {
			isa = XCBuildConfiguration;
			buildSettings = {
				ALWAYS_EMBED_SWIFT_STANDARD_LIBRARIES = YES;
				ASSETCATALOG_COMPILER_APPICON_NAME = AppIcon;
				ASSETCATALOG_COMPILER_GLOBAL_ACCENT_COLOR_NAME = AccentColor;
				CODE_SIGN_ENTITLEMENTS = WhatHappend/WhatHappend.entitlements;
				CODE_SIGN_IDENTITY = "Apple Development";
				CODE_SIGN_STYLE = Automatic;
				DEVELOPMENT_ASSET_PATHS = "\"WhatHappend/Preview Content\"";
				DEVELOPMENT_TEAM = 56HL2M6M45;
				ENABLE_PREVIEWS = YES;
				INFOPLIST_FILE = WhatHappend/Info.plist;
				IPHONEOS_DEPLOYMENT_TARGET = 14.0;
				LD_RUNPATH_SEARCH_PATHS = (
					"$(inherited)",
					"@executable_path/Frameworks",
				);
				PRODUCT_BUNDLE_IDENTIFIER = com.wenxu.EmotionDiary;
				PRODUCT_NAME = "$(TARGET_NAME)";
				PROVISIONING_PROFILE_SPECIFIER = "";
				SWIFT_VERSION = 5.0;
				TARGETED_DEVICE_FAMILY = "1,2";
			};
			name = Release;
		};
		2881C6D925806B4900B7F39F /* Debug */ = {
			isa = XCBuildConfiguration;
			buildSettings = {
				ASSETCATALOG_COMPILER_GLOBAL_ACCENT_COLOR_NAME = AccentColor;
				ASSETCATALOG_COMPILER_WIDGET_BACKGROUND_COLOR_NAME = WidgetBackground;
				CODE_SIGN_ENTITLEMENTS = StatisticExtension.entitlements;
				CODE_SIGN_IDENTITY = "Apple Development";
				CODE_SIGN_STYLE = Automatic;
				DEVELOPMENT_TEAM = 56HL2M6M45;
				INFOPLIST_FILE = Statistic/Info.plist;
				IPHONEOS_DEPLOYMENT_TARGET = 14.2;
				LD_RUNPATH_SEARCH_PATHS = (
					"$(inherited)",
					"@executable_path/Frameworks",
					"@executable_path/../../Frameworks",
				);
				PRODUCT_BUNDLE_IDENTIFIER = com.wenxu.EmotionDiary.Statistic;
				PRODUCT_NAME = "$(TARGET_NAME)";
				SKIP_INSTALL = YES;
				SWIFT_VERSION = 5.0;
				TARGETED_DEVICE_FAMILY = "1,2";
			};
			name = Debug;
		};
		2881C6DA25806B4900B7F39F /* Release */ = {
			isa = XCBuildConfiguration;
			buildSettings = {
				ASSETCATALOG_COMPILER_GLOBAL_ACCENT_COLOR_NAME = AccentColor;
				ASSETCATALOG_COMPILER_WIDGET_BACKGROUND_COLOR_NAME = WidgetBackground;
				CODE_SIGN_ENTITLEMENTS = StatisticExtension.entitlements;
				CODE_SIGN_IDENTITY = "Apple Development";
				CODE_SIGN_STYLE = Automatic;
				DEVELOPMENT_TEAM = 56HL2M6M45;
				INFOPLIST_FILE = Statistic/Info.plist;
				IPHONEOS_DEPLOYMENT_TARGET = 14.2;
				LD_RUNPATH_SEARCH_PATHS = (
					"$(inherited)",
					"@executable_path/Frameworks",
					"@executable_path/../../Frameworks",
				);
				PRODUCT_BUNDLE_IDENTIFIER = com.wenxu.EmotionDiary.Statistic;
				PRODUCT_NAME = "$(TARGET_NAME)";
				SKIP_INSTALL = YES;
				SWIFT_VERSION = 5.0;
				TARGETED_DEVICE_FAMILY = "1,2";
			};
			name = Release;
		};
/* End XCBuildConfiguration section */

/* Begin XCConfigurationList section */
		28628BE6256D53740079AA69 /* Build configuration list for PBXProject "WhatHappend" */ = {
			isa = XCConfigurationList;
			buildConfigurations = (
				28628BF8256D53760079AA69 /* Debug */,
				28628BF9256D53760079AA69 /* Release */,
			);
			defaultConfigurationIsVisible = 0;
			defaultConfigurationName = Release;
		};
		28628BFA256D53760079AA69 /* Build configuration list for PBXNativeTarget "WhatHappend" */ = {
			isa = XCConfigurationList;
			buildConfigurations = (
				28628BFB256D53760079AA69 /* Debug */,
				28628BFC256D53760079AA69 /* Release */,
			);
			defaultConfigurationIsVisible = 0;
			defaultConfigurationName = Release;
		};
		2881C6DB25806B4900B7F39F /* Build configuration list for PBXNativeTarget "StatisticExtension" */ = {
			isa = XCConfigurationList;
			buildConfigurations = (
				2881C6D925806B4900B7F39F /* Debug */,
				2881C6DA25806B4900B7F39F /* Release */,
			);
			defaultConfigurationIsVisible = 0;
			defaultConfigurationName = Release;
		};
/* End XCConfigurationList section */
	};
	rootObject = 28628BE3256D53740079AA69 /* Project object */;
}
